
Microsoft Visual Studio Solution File, Format Version 12.00
# Visual Studio Version 17
VisualStudioVersion = 17.4.33213.308
MinimumVisualStudioVersion = 10.0.40219.1
Project("{FAE04EC0-301F-11D3-BF4B-00C04F79EFBC}") = "RepositoryPattern", "RepositoryPattern.csproj", "{DF6AF4F4-48B8-4E6F-BFF0-55E9D3DE4164}"
EndProject
Project("{FAE04EC0-301F-11D3-BF4B-00C04F79EFBC}") = "RepositoryPattern.core", "..\RepositoryPattern.core\RepositoryPattern.core.csproj", "{72147E4D-C03A-4EC4-A06B-AF2423ECF57E}"
EndProject
Project("{FAE04EC0-301F-11D3-BF4B-00C04F79EFBC}") = "RepositoryPattern.EF", "..\RepositoryPattern.EF\RepositoryPattern.EF.csproj", "{DD0CE832-17CF-4D21-8CA3-DAC27A32D9FD}"
EndProject
Global
	GlobalSection(SolutionConfigurationPlatforms) = preSolution
		Debug|Any CPU = Debug|Any CPU
		Release|Any CPU = Release|Any CPU
	EndGlobalSection
	GlobalSection(ProjectConfigurationPlatforms) = postSolution
		{DF6AF4F4-48B8-4E6F-BFF0-55E9D3DE4164}.Debug|Any CPU.ActiveCfg = Debug|Any CPU
		{DF6AF4F4-48B8-4E6F-BFF0-55E9D3DE4164}.Debug|Any CPU.Build.0 = Debug|Any CPU
		{DF6AF4F4-48B8-4E6F-BFF0-55E9D3DE4164}.Release|Any CPU.ActiveCfg = Release|Any CPU
		{DF6AF4F4-48B8-4E6F-BFF0-55E9D3DE4164}.Release|Any CPU.Build.0 = Release|Any CPU
		{72147E4D-C03A-4EC4-A06B-AF2423ECF57E}.Debug|Any CPU.ActiveCfg = Debug|Any CPU
		{72147E4D-C03A-4EC4-A06B-AF2423ECF57E}.Debug|Any CPU.Build.0 = Debug|Any CPU
		{72147E4D-C03A-4EC4-A06B-AF2423ECF57E}.Release|Any CPU.ActiveCfg = Release|Any CPU
		{72147E4D-C03A-4EC4-A06B-AF2423ECF57E}.Release|Any CPU.Build.0 = Release|Any CPU
		{DD0CE832-17CF-4D21-8CA3-DAC27A32D9FD}.Debug|Any CPU.ActiveCfg = Debug|Any CPU
		{DD0CE832-17CF-4D21-8CA3-DAC27A32D9FD}.Debug|Any CPU.Build.0 = Debug|Any CPU
		{DD0CE832-17CF-4D21-8CA3-DAC27A32D9FD}.Release|Any CPU.ActiveCfg = Release|Any CPU
		{DD0CE832-17CF-4D21-8CA3-DAC27A32D9FD}.Release|Any CPU.Build.0 = Release|Any CPU
	EndGlobalSection
	GlobalSection(SolutionProperties) = preSolution
		HideSolutionNode = FALSE
	EndGlobalSection
	GlobalSection(ExtensibilityGlobals) = postSolution
		SolutionGuid = {58438182-0D12-404A-8A85-FD6875DD5CDC}
	EndGlobalSection
EndGlobal
